{
  "nodes": {
    "fenix": {
      "inputs": {
        "nixpkgs": [
          "nixpkgs"
        ],
        "rust-analyzer-src": "rust-analyzer-src"
      },
      "locked": {
        "lastModified": 1635920625,
        "narHash": "sha256-nfXFL5r5RY7Q++1yT/NoVKqu5D2Fn9EYKq6rw2nTtng=",
        "owner": "nix-community",
        "repo": "fenix",
        "rev": "1521554710f8b39758cb0cfa2bed10051fdcffe0",
        "type": "github"
      },
      "original": {
        "owner": "nix-community",
        "repo": "fenix",
        "type": "github"
      }
    },
    "nixpkgs": {
      "locked": {
        "lastModified": 1635808042,
        "narHash": "sha256-kQg7LzPj+UQlCAgD0dJhJ88QdzduXwIyqnTLXScKBbY=",
        "owner": "NixOS",
        "repo": "nixpkgs",
        "rev": "550dab224a26ec25e20e82c0c8bfc764e01b772e",
        "type": "github"
      },
      "original": {
        "owner": "NixOS",
        "ref": "nixpkgs-unstable",
        "repo": "nixpkgs",
        "type": "github"
      }
    },
    "root": {
      "inputs": {
        "fenix": "fenix",
        "nixpkgs": "nixpkgs",
        "utils": "utils"
      }
    },
    "rust-analyzer-src": {
      "flake": false,
      "locked": {
        "lastModified": 1635675419,
        "narHash": "sha256-tLd3Wo4uVgGpNS8BkIlr6PZmyX7vToJyfEElr9ICV4c=",
        "owner": "rust-analyzer",
        "repo": "rust-analyzer",
        "rev": "04f03a360ab8fef3d9c0ff84de2d39b8a196c717",
        "type": "github"
      },
      "original": {
        "owner": "rust-analyzer",
        "ref": "nightly",
        "repo": "rust-analyzer",
        "type": "github"
      }
    },
    "utils": {
      "locked": {
        "lastModified": 1634851050,
        "narHash": "sha256-N83GlSGPJJdcqhUxSCS/WwW5pksYf3VP1M13cDRTSVA=",
        "owner": "numtide",
        "repo": "flake-utils",
        "rev": "c91f3de5adaf1de973b797ef7485e441a65b8935",
        "type": "github"
      },
      "original": {
        "owner": "numtide",
        "repo": "flake-utils",
        "type": "github"
      }
    }
  },
  "root": "root",
  "version": 7
}
